// !$*UTF8*$!
{
	archiveVersion = 1;
	classes = {
	};
	objectVersion = 46;
	objects = {

/* Begin PBXBuildFile section */
		3679A55A1BD4514200C3FE18 /* AppDelegate.swift in Sources */ = {isa = PBXBuildFile; fileRef = 3679A5591BD4514200C3FE18 /* AppDelegate.swift */; };
		3679A55C1BD4514200C3FE18 /* ViewController.swift in Sources */ = {isa = PBXBuildFile; fileRef = 3679A55B1BD4514200C3FE18 /* ViewController.swift */; };
		3679A55F1BD4514200C3FE18 /* Main.storyboard in Resources */ = {isa = PBXBuildFile; fileRef = 3679A55D1BD4514200C3FE18 /* Main.storyboard */; };
		3679A5611BD4514200C3FE18 /* Assets.xcassets in Resources */ = {isa = PBXBuildFile; fileRef = 3679A5601BD4514200C3FE18 /* Assets.xcassets */; };
		3679A5641BD4514200C3FE18 /* LaunchScreen.storyboard in Resources */ = {isa = PBXBuildFile; fileRef = 3679A5621BD4514200C3FE18 /* LaunchScreen.storyboard */; };
		3679A56F1BD4514200C3FE18 /* socialTestTests.swift in Sources */ = {isa = PBXBuildFile; fileRef = 3679A56E1BD4514200C3FE18 /* socialTestTests.swift */; };
		3679A57A1BD4514200C3FE18 /* socialTestUITests.swift in Sources */ = {isa = PBXBuildFile; fileRef = 3679A5791BD4514200C3FE18 /* socialTestUITests.swift */; };
		3679A5C21BD5A65900C3FE18 /* Social.framework in Frameworks */ = {isa = PBXBuildFile; fileRef = 3679A5C11BD5A65900C3FE18 /* Social.framework */; };
/* End PBXBuildFile section */

/* Begin PBXContainerItemProxy section */
		3679A56B1BD4514200C3FE18 /* PBXContainerItemProxy */ = {
			isa = PBXContainerItemProxy;
			containerPortal = 3679A54E1BD4514200C3FE18 /* Project object */;
			proxyType = 1;
			remoteGlobalIDString = 3679A5551BD4514200C3FE18;
			remoteInfo = socialTest;
		};
		3679A5761BD4514200C3FE18 /* PBXContainerItemProxy */ = {
			isa = PBXContainerItemProxy;
			containerPortal = 3679A54E1BD4514200C3FE18 /* Project object */;
			proxyType = 1;
			remoteGlobalIDString = 3679A5551BD4514200C3FE18;
			remoteInfo = socialTest;
		};
/* End PBXContainerItemProxy section */

/* Begin PBXFileReference section */
		3679A5561BD4514200C3FE18 /* socialTest.app */ = {isa = PBXFileReference; explicitFileType = wrapper.application; includeInIndex = 0; path = socialTest.app; sourceTree = BUILT_PRODUCTS_DIR; };
		3679A5591BD4514200C3FE18 /* AppDelegate.swift */ = {isa = PBXFileReference; lastKnownFileType = sourcecode.swift; path = AppDelegate.swift; sourceTree = "<group>"; };
		3679A55B1BD4514200C3FE18 /* ViewController.swift */ = {isa = PBXFileReference; lastKnownFileType = sourcecode.swift; path = ViewController.swift; sourceTree = "<group>"; };
		3679A55E1BD4514200C3FE18 /* Base */ = {isa = PBXFileReference; lastKnownFileType = file.storyboard; name = Base; path = Base.lproj/Main.storyboard; sourceTree = "<group>"; };
		3679A5601BD4514200C3FE18 /* Assets.xcassets */ = {isa = PBXFileReference; lastKnownFileType = folder.assetcatalog; path = Assets.xcassets; sourceTree = "<group>"; };
		3679A5631BD4514200C3FE18 /* Base */ = {isa = PBXFileReference; lastKnownFileType = file.storyboard; name = Base; path = Base.lproj/LaunchScreen.storyboard; sourceTree = "<group>"; };
		3679A5651BD4514200C3FE18 /* Info.plist */ = {isa = PBXFileReference; lastKnownFileType = text.plist.xml; path = Info.plist; sourceTree = "<group>"; };
		3679A56A1BD4514200C3FE18 /* socialTestTests.xctest */ = {isa = PBXFileReference; explicitFileType = wrapper.cfbundle; includeInIndex = 0; path = socialTestTests.xctest; sourceTree = BUILT_PRODUCTS_DIR; };
		3679A56E1BD4514200C3FE18 /* socialTestTests.swift */ = {isa = PBXFileReference; lastKnownFileType = sourcecode.swift; path = socialTestTests.swift; sourceTree = "<group>"; };
		3679A5701BD4514200C3FE18 /* Info.plist */ = {isa = PBXFileReference; lastKnownFileType = text.plist.xml; path = Info.plist; sourceTree = "<group>"; };
		3679A5751BD4514200C3FE18 /* socialTestUITests.xctest */ = {isa = PBXFileReference; explicitFileType = wrapper.cfbundle; includeInIndex = 0; path = socialTestUITests.xctest; sourceTree = BUILT_PRODUCTS_DIR; };
		3679A5791BD4514200C3FE18 /* socialTestUITests.swift */ = {isa = PBXFileReference; lastKnownFileType = sourcecode.swift; path = socialTestUITests.swift; sourceTree = "<group>"; };
		3679A57B1BD4514200C3FE18 /* Info.plist */ = {isa = PBXFileReference; lastKnownFileType = text.plist.xml; path = Info.plist; sourceTree = "<group>"; };
		3679A5C11BD5A65900C3FE18 /* Social.framework */ = {isa = PBXFileReference; lastKnownFileType = wrapper.framework; name = Social.framework; path = System/Library/Frameworks/Social.framework; sourceTree = SDKROOT; };
/* End PBXFileReference section */

/* Begin PBXFrameworksBuildPhase section */
		3679A5531BD4514200C3FE18 /* Frameworks */ = {
			isa = PBXFrameworksBuildPhase;
			buildActionMask = 2147483647;
			files = (
				3679A5C21BD5A65900C3FE18 /* Social.framework in Frameworks */,
			);
			runOnlyForDeploymentPostprocessing = 0;
		};
		3679A5671BD4514200C3FE18 /* Frameworks */ = {
			isa = PBXFrameworksBuildPhase;
			buildActionMask = 2147483647;
			files = (
			);
			runOnlyForDeploymentPostprocessing = 0;
		};
		3679A5721BD4514200C3FE18 /* Frameworks */ = {
			isa = PBXFrameworksBuildPhase;
			buildActionMask = 2147483647;
			files = (
			);
			runOnlyForDeploymentPostprocessing = 0;
		};
/* End PBXFrameworksBuildPhase section */

/* Begin PBXGroup section */
		3679A54D1BD4514200C3FE18 = {
			isa = PBXGroup;
			children = (
				3679A5C11BD5A65900C3FE18 /* Social.framework */,
				3679A5581BD4514200C3FE18 /* socialTest */,
				3679A56D1BD4514200C3FE18 /* socialTestTests */,
				3679A5781BD4514200C3FE18 /* socialTestUITests */,
				3679A5571BD4514200C3FE18 /* Products */,
			);
			sourceTree = "<group>";
		};
		3679A5571BD4514200C3FE18 /* Products */ = {
			isa = PBXGroup;
			children = (
				3679A5561BD4514200C3FE18 /* socialTest.app */,
				3679A56A1BD4514200C3FE18 /* socialTestTests.xctest */,
				3679A5751BD4514200C3FE18 /* socialTestUITests.xctest */,
			);
			name = Products;
			sourceTree = "<group>";
		};
		3679A5581BD4514200C3FE18 /* socialTest */ = {
			isa = PBXGroup;
			children = (
				3679A5591BD4514200C3FE18 /* AppDelegate.swift */,
				3679A55B1BD4514200C3FE18 /* ViewController.swift */,
				3679A55D1BD4514200C3FE18 /* Main.storyboard */,
				3679A5601BD4514200C3FE18 /* Assets.xcassets */,
				3679A5621BD4514200C3FE18 /* LaunchScreen.storyboard */,
				3679A5651BD4514200C3FE18 /* Info.plist */,
			);
			path = socialTest;
			sourceTree = "<group>";
		};
		3679A56D1BD4514200C3FE18 /* socialTestTests */ = {
			isa = PBXGroup;
			children = (
				3679A56E1BD4514200C3FE18 /* socialTestTests.swift */,
				3679A5701BD4514200C3FE18 /* Info.plist */,
			);
			path = socialTestTests;
			sourceTree = "<group>";
		};
		3679A5781BD4514200C3FE18 /* socialTestUITests */ = {
			isa = PBXGroup;
			children = (
				3679A5791BD4514200C3FE18 /* socialTestUITests.swift */,
				3679A57B1BD4514200C3FE18 /* Info.plist */,
			);
			path = socialTestUITests;
			sourceTree = "<group>";
		};
/* End PBXGroup section */

/* Begin PBXNativeTarget section */
		3679A5551BD4514200C3FE18 /* socialTest */ = {
			isa = PBXNativeTarget;
			buildConfigurationList = 3679A57E1BD4514200C3FE18 /* Build configuration list for PBXNativeTarget "socialTest" */;
			buildPhases = (
				3679A5521BD4514200C3FE18 /* Sources */,
				3679A5531BD4514200C3FE18 /* Frameworks */,
				3679A5541BD4514200C3FE18 /* Resources */,
			);
			buildRules = (
			);
			dependencies = (
			);
			name = socialTest;
			productName = socialTest;
			productReference = 3679A5561BD4514200C3FE18 /* socialTest.app */;
			productType = "com.apple.product-type.application";
		};
		3679A5691BD4514200C3FE18 /* socialTestTests */ = {
			isa = PBXNativeTarget;
			buildConfigurationList = 3679A5811BD4514200C3FE18 /* Build configuration list for PBXNativeTarget "socialTestTests" */;
			buildPhases = (
				3679A5661BD4514200C3FE18 /* Sources */,
				3679A5671BD4514200C3FE18 /* Frameworks */,
				3679A5681BD4514200C3FE18 /* Resources */,
			);
			buildRules = (
			);
			dependencies = (
				3679A56C1BD4514200C3FE18 /* PBXTargetDependency */,
			);
			name = socialTestTests;
			productName = socialTestTests;
			productReference = 3679A56A1BD4514200C3FE18 /* socialTestTests.xctest */;
			productType = "com.apple.product-type.bundle.unit-test";
		};
		3679A5741BD4514200C3FE18 /* socialTestUITests */ = {
			isa = PBXNativeTarget;
			buildConfigurationList = 3679A5841BD4514200C3FE18 /* Build configuration list for PBXNativeTarget "socialTestUITests" */;
			buildPhases = (
				3679A5711BD4514200C3FE18 /* Sources */,
				3679A5721BD4514200C3FE18 /* Frameworks */,
				3679A5731BD4514200C3FE18 /* Resources */,
			);
			buildRules = (
			);
			dependencies = (
				3679A5771BD4514200C3FE18 /* PBXTargetDependency */,
			);
			name = socialTestUITests;
			productName = socialTestUITests;
			productReference = 3679A5751BD4514200C3FE18 /* socialTestUITests.xctest */;
			productType = "com.apple.product-type.bundle.ui-testing";
		};
/* End PBXNativeTarget section */

/* Begin PBXProject section */
		3679A54E1BD4514200C3FE18 /* Project object */ = {
			isa = PBXProject;
			attributes = {
				LastUpgradeCheck = 0700;
				ORGANIZATIONNAME = "Masaki Horimoto";
				TargetAttributes = {
					3679A5551BD4514200C3FE18 = {
						CreatedOnToolsVersion = 7.0.1;
					};
					3679A5691BD4514200C3FE18 = {
						CreatedOnToolsVersion = 7.0.1;
						TestTargetID = 3679A5551BD4514200C3FE18;
					};
					3679A5741BD4514200C3FE18 = {
						CreatedOnToolsVersion = 7.0.1;
						TestTargetID = 3679A5551BD4514200C3FE18;
					};
				};
			};
			buildConfigurationList = 3679A5511BD4514200C3FE18 /* Build configuration list for PBXProject "socialTest" */;
			compatibilityVersion = "Xcode 3.2";
			developmentRegion = English;
			hasScannedForEncodings = 0;
			knownRegions = (
				en,
				Base,
			);
			mainGroup = 3679A54D1BD4514200C3FE18;
			productRefGroup = 3679A5571BD4514200C3FE18 /* Products */;
			projectDirPath = "";
			projectRoot = "";
			targets = (
				3679A5551BD4514200C3FE18 /* socialTest */,
				3679A5691BD4514200C3FE18 /* socialTestTests */,
				3679A5741BD4514200C3FE18 /* socialTestUITests */,
			);
		};
/* End PBXProject section */

/* Begin PBXResourcesBuildPhase section */
		3679A5541BD4514200C3FE18 /* Resources */ = {
			isa = PBXResourcesBuildPhase;
			buildActionMask = 2147483647;
			files = (
				3679A5641BD4514200C3FE18 /* LaunchScreen.storyboard in Resources */,
				3679A5611BD4514200C3FE18 /* Assets.xcassets in Resources */,
				3679A55F1BD4514200C3FE18 /* Main.storyboard in Resources */,
			);
			runOnlyForDeploymentPostprocessing = 0;
		};
		3679A5681BD4514200C3FE18 /* Resources */ = {
			isa = PBXResourcesBuildPhase;
			buildActionMask = 2147483647;
			files = (
			);
			runOnlyForDeploymentPostprocessing = 0;
		};
		3679A5731BD4514200C3FE18 /* Resources */ = {
			isa = PBXResourcesBuildPhase;
			buildActionMask = 2147483647;
			files = (
			);
			runOnlyForDeploymentPostprocessing = 0;
		};
/* End PBXResourcesBuildPhase section */

/* Begin PBXSourcesBuildPhase section */
		3679A5521BD4514200C3FE18 /* Sources */ = {
			isa = PBXSourcesBuildPhase;
			buildActionMask = 2147483647;
			files = (
				3679A55C1BD4514200C3FE18 /* ViewController.swift in Sources */,
				3679A55A1BD4514200C3FE18 /* AppDelegate.swift in Sources */,
			);
			runOnlyForDeploymentPostprocessing = 0;
		};
		3679A5661BD4514200C3FE18 /* Sources */ = {
			isa = PBXSourcesBuildPhase;
			buildActionMask = 2147483647;
			files = (
				3679A56F1BD4514200C3FE18 /* socialTestTests.swift in Sources */,
			);
			runOnlyForDeploymentPostprocessing = 0;
		};
		3679A5711BD4514200C3FE18 /* Sources */ = {
			isa = PBXSourcesBuildPhase;
			buildActionMask = 2147483647;
			files = (
				3679A57A1BD4514200C3FE18 /* socialTestUITests.swift in Sources */,
			);
			runOnlyForDeploymentPostprocessing = 0;
		};
/* End PBXSourcesBuildPhase section */

/* Begin PBXTargetDependency section */
		3679A56C1BD4514200C3FE18 /* PBXTargetDependency */ = {
			isa = PBXTargetDependency;
			target = 3679A5551BD4514200C3FE18 /* socialTest */;
			targetProxy = 3679A56B1BD4514200C3FE18 /* PBXContainerItemProxy */;
		};
		3679A5771BD4514200C3FE18 /* PBXTargetDependency */ = {
			isa = PBXTargetDependency;
			target = 3679A5551BD4514200C3FE18 /* socialTest */;
			targetProxy = 3679A5761BD4514200C3FE18 /* PBXContainerItemProxy */;
		};
/* End PBXTargetDependency section */

/* Begin PBXVariantGroup section */
		3679A55D1BD4514200C3FE18 /* Main.storyboard */ = {
			isa = PBXVariantGroup;
			children = (
				3679A55E1BD4514200C3FE18 /* Base */,
			);
			name = Main.storyboard;
			sourceTree = "<group>";
		};
		3679A5621BD4514200C3FE18 /* LaunchScreen.storyboard */ = {
			isa = PBXVariantGroup;
			children = (
				3679A5631BD4514200C3FE18 /* Base */,
			);
			name = LaunchScreen.storyboard;
			sourceTree = "<group>";
		};
/* End PBXVariantGroup section */

/* Begin XCBuildConfiguration section */
		3679A57C1BD4514200C3FE18 /* Debug */ = {
			isa = XCBuildConfiguration;
			buildSettings = {
				ALWAYS_SEARCH_USER_PATHS = NO;
				CLANG_CXX_LANGUAGE_STANDARD = "gnu++0x";
				CLANG_CXX_LIBRARY = "libc++";
				CLANG_ENABLE_MODULES = YES;
				CLANG_ENABLE_OBJC_ARC = YES;
				CLANG_WARN_BOOL_CONVERSION = YES;
				CLANG_WARN_CONSTANT_CONVERSION = YES;
				CLANG_WARN_DIRECT_OBJC_ISA_USAGE = YES_ERROR;
				CLANG_WARN_EMPTY_BODY = YES;
				CLANG_WARN_ENUM_CONVERSION = YES;
				CLANG_WARN_INT_CONVERSION = YES;
				CLANG_WARN_OBJC_ROOT_CLASS = YES_ERROR;
				CLANG_WARN_UNREACHABLE_CODE = YES;
				CLANG_WARN__DUPLICATE_METHOD_MATCH = YES;
				"CODE_SIGN_IDENTITY[sdk=iphoneos*]" = "iPhone Developer";
				COPY_PHASE_STRIP = NO;
				DEBUG_INFORMATION_FORMAT = dwarf;
				ENABLE_STRICT_OBJC_MSGSEND = YES;
				ENABLE_TESTABILITY = YES;
				GCC_C_LANGUAGE_STANDARD = gnu99;
				GCC_DYNAMIC_NO_PIC = NO;
				GCC_NO_COMMON_BLOCKS = YES;
				GCC_OPTIMIZATION_LEVEL = 0;
				GCC_PREPROCESSOR_DEFINITIONS = (
					"DEBUG=1",
					"$(inherited)",
				);
				GCC_WARN_64_TO_32_BIT_CONVERSION = YES;
				GCC_WARN_ABOUT_RETURN_TYPE = YES_ERROR;
				GCC_WARN_UNDECLARED_SELECTOR = YES;
				GCC_WARN_UNINITIALIZED_AUTOS = YES_AGGRESSIVE;
				GCC_WARN_UNUSED_FUNCTION = YES;
				GCC_WARN_UNUSED_VARIABLE = YES;
				IPHONEOS_DEPLOYMENT_TARGET = 9.0;
				MTL_ENABLE_DEBUG_INFO = YES;
				ONLY_ACTIVE_ARCH = YES;
				SDKROOT = iphoneos;
				SWIFT_OPTIMIZATION_LEVEL = "-Onone";
			};
			name = Debug;
		};
		3679A57D1BD4514200C3FE18 /* Release */ = {
			isa = XCBuildConfiguration;
			buildSettings = {
				ALWAYS_SEARCH_USER_PATHS = NO;
				CLANG_CXX_LANGUAGE_STANDARD = "gnu++0x";
				CLANG_CXX_LIBRARY = "libc++";
				CLANG_ENABLE_MODULES = YES;
				CLANG_ENABLE_OBJC_ARC = YES;
				CLANG_WARN_BOOL_CONVERSION = YES;
				CLANG_WARN_CONSTANT_CONVERSION = YES;
				CLANG_WARN_DIRECT_OBJC_ISA_USAGE = YES_ERROR;
				CLANG_WARN_EMPTY_BODY = YES;
				CLANG_WARN_ENUM_CONVERSION = YES;
				CLANG_WARN_INT_CONVERSION = YES;
				CLANG_WARN_OBJC_ROOT_CLASS = YES_ERROR;
				CLANG_WARN_UNREACHABLE_CODE = YES;
				CLANG_WARN__DUPLICATE_METHOD_MATCH = YES;
				"CODE_SIGN_IDENTITY[sdk=iphoneos*]" = "iPhone Developer";
				COPY_PHASE_STRIP = NO;
				DEBUG_INFORMATION_FORMAT = "dwarf-with-dsym";
				ENABLE_NS_ASSERTIONS = NO;
				ENABLE_STRICT_OBJC_MSGSEND = YES;
				GCC_C_LANGUAGE_STANDARD = gnu99;
				GCC_NO_COMMON_BLOCKS = YES;
				GCC_WARN_64_TO_32_BIT_CONVERSION = YES;
				GCC_WARN_ABOUT_RETURN_TYPE = YES_ERROR;
				GCC_WARN_UNDECLARED_SELECTOR = YES;
				GCC_WARN_UNINITIALIZED_AUTOS = YES_AGGRESSIVE;
				GCC_WARN_UNUSED_FUNCTION = YES;
				GCC_WARN_UNUSED_VARIABLE = YES;
				IPHONEOS_DEPLOYMENT_TARGET = 9.0;
				MTL_ENABLE_DEBUG_INFO = NO;
				SDKROOT = iphoneos;
				VALIDATE_PRODUCT = YES;
			};
			name = Release;
		};
		3679A57F1BD4514200C3FE18 /* Debug */ = {
			isa = XCBuildConfiguration;
			buildSettings = {
				ASSETCATALOG_COMPILER_APPICON_NAME = AppIcon;
				INFOPLIST_FILE = socialTest/Info.plist;
				LD_RUNPATH_SEARCH_PATHS = "$(inherited) @executable_path/Frameworks";
				PRODUCT_BUNDLE_IDENTIFIER = com.anthrgrnwrld.socialTest;
				PRODUCT_NAME = "$(TARGET_NAME)";
			};
			name = Debug;
		};
		3679A5801BD4514200C3FE18 /* Release */ = {
			isa = XCBuildConfiguration;
			buildSettings = {
				ASSETCATALOG_COMPILER_APPICON_NAME = AppIcon;
				INFOPLIST_FILE = socialTest/Info.plist;
				LD_RUNPATH_SEARCH_PATHS = "$(inherited) @executable_path/Frameworks";
				PRODUCT_BUNDLE_IDENTIFIER = com.anthrgrnwrld.socialTest;
				PRODUCT_NAME = "$(TARGET_NAME)";
			};
			name = Release;
		};
		3679A5821BD4514200C3FE18 /* Debug */ = {
			isa = XCBuildConfiguration;
			buildSettings = {
				BUNDLE_LOADER = "$(TEST_HOST)";
				INFOPLIST_FILE = socialTestTests/Info.plist;
				LD_RUNPATH_SEARCH_PATHS = "$(inherited) @executable_path/Frameworks @loader_path/Frameworks";
				PRODUCT_BUNDLE_IDENTIFIER = com.anthrgrnwrld.socialTestTests;
				PRODUCT_NAME = "$(TARGET_NAME)";
				TEST_HOST = "$(BUILT_PRODUCTS_DIR)/socialTest.app/socialTest";
			};
			name = Debug;
		};
		3679A5831BD4514200C3FE18 /* Release */ = {
			isa = XCBuildConfiguration;
			buildSettings = {
				BUNDLE_LOADER = "$(TEST_HOST)";
				INFOPLIST_FILE = socialTestTests/Info.plist;
				LD_RUNPATH_SEARCH_PATHS = "$(inherited) @executable_path/Frameworks @loader_path/Frameworks";
				PRODUCT_BUNDLE_IDENTIFIER = com.anthrgrnwrld.socialTestTests;
				PRODUCT_NAME = "$(TARGET_NAME)";
				TEST_HOST = "$(BUILT_PRODUCTS_DIR)/socialTest.app/socialTest";
			};
			name = Release;
		};
		3679A5851BD4514200C3FE18 /* Debug */ = {
			isa = XCBuildConfiguration;
			buildSettings = {
				INFOPLIST_FILE = socialTestUITests/Info.plist;
				LD_RUNPATH_SEARCH_PATHS = "$(inherited) @executable_path/Frameworks @loader_path/Frameworks";
				PRODUCT_BUNDLE_IDENTIFIER = com.anthrgrnwrld.socialTestUITests;
				PRODUCT_NAME = "$(TARGET_NAME)";
				TEST_TARGET_NAME = socialTest;
				USES_XCTRUNNER = YES;
			};
			name = Debug;
		};
		3679A5861BD4514200C3FE18 /* Release */ = {
			isa = XCBuildConfiguration;
			buildSettings = {
				INFOPLIST_FILE = socialTestUITests/Info.plist;
				LD_RUNPATH_SEARCH_PATHS = "$(inherited) @executable_path/Frameworks @loader_path/Frameworks";
				PRODUCT_BUNDLE_IDENTIFIER = com.anthrgrnwrld.socialTestUITests;
				PRODUCT_NAME = "$(TARGET_NAME)";
				TEST_TARGET_NAME = socialTest;
				USES_XCTRUNNER = YES;
			};
			name = Release;
		};
/* End XCBuildConfiguration section */

/* Begin XCConfigurationList section */
		3679A5511BD4514200C3FE18 /* Build configuration list for PBXProject "socialTest" */ = {
			isa = XCConfigurationList;
			buildConfigurations = (
				3679A57C1BD4514200C3FE18 /* Debug */,
				3679A57D1BD4514200C3FE18 /* Release */,
			);
			defaultConfigurationIsVisible = 0;
			defaultConfigurationName = Release;
		};
		3679A57E1BD4514200C3FE18 /* Build configuration list for PBXNativeTarget "socialTest" */ = {
			isa = XCConfigurationList;
			buildConfigurations = (
				3679A57F1BD4514200C3FE18 /* Debug */,
				3679A5801BD4514200C3FE18 /* Release */,
			);
			defaultConfigurationIsVisible = 0;
			defaultConfigurationName = Release;
		};
		3679A5811BD4514200C3FE18 /* Build configuration list for PBXNativeTarget "socialTestTests" */ = {
			isa = XCConfigurationList;
			buildConfigurations = (
				3679A5821BD4514200C3FE18 /* Debug */,
				3679A5831BD4514200C3FE18 /* Release */,
			);
			defaultConfigurationIsVisible = 0;
			defaultConfigurationName = Release;
		};
		3679A5841BD4514200C3FE18 /* Build configuration list for PBXNativeTarget "socialTestUITests" */ = {
			isa = XCConfigurationList;
			buildConfigurations = (
				3679A5851BD4514200C3FE18 /* Debug */,
				3679A5861BD4514200C3FE18 /* Release */,
			);
			defaultConfigurationIsVisible = 0;
			defaultConfigurationName = Release;
		};
/* End XCConfigurationList section */
	};
	rootObject = 3679A54E1BD4514200C3FE18 /* Project object */;
}
